
Microsoft Visual Studio Solution File, Format Version 12.00
# Visual Studio Version 16
VisualStudioVersion = 16.0.29424.173
MinimumVisualStudioVersion = 10.0.40219.1
Project("{8BC9CEB8-8B4A-11D0-8D11-00A0C91BC942}") = "aoc2019_01", "aoc2019_01\aoc2019_01.vcxproj", "{F20B129D-85D4-40F8-967B-CEA6CA797ADF}"
EndProject
Project("{8BC9CEB8-8B4A-11D0-8D11-00A0C91BC942}") = "aoc2019_02", "aoc2019_02\aoc2019_02.vcxproj", "{56358E6A-DC21-4B84-8472-DB48413D68D0}"
EndProject
Project("{8BC9CEB8-8B4A-11D0-8D11-00A0C91BC942}") = "aoc2019_03", "aoc2019_03\aoc2019_03.vcxproj", "{FFA693B5-BCF4-4212-BA53-E9AEEA0A26E2}"
EndProject
Project("{8BC9CEB8-8B4A-11D0-8D11-00A0C91BC942}") = "aoc2019_04", "aoc2019_04\aoc2019_04.vcxproj", "{852FF7C0-E2B3-431C-8BAB-300AA0A2F8E0}"
EndProject
Project("{8BC9CEB8-8B4A-11D0-8D11-00A0C91BC942}") = "aoc2019_05", "aoc2019_05\aoc2019_05.vcxproj", "{74278E7C-0BD6-4DF3-9840-F3F5CF59FCB3}"
EndProject
Project("{8BC9CEB8-8B4A-11D0-8D11-00A0C91BC942}") = "aoc2019_06", "aoc2019_06\aoc2019_06.vcxproj", "{19397F2E-ABDE-4C90-9461-5D6986110160}"
EndProject
Project("{8BC9CEB8-8B4A-11D0-8D11-00A0C91BC942}") = "aoc2019_07", "aoc2019_07\aoc2019_07.vcxproj", "{FB051120-0EEC-4B37-A8AA-34B7BC279A22}"
EndProject
Project("{8BC9CEB8-8B4A-11D0-8D11-00A0C91BC942}") = "aoc2019_08", "aoc2019_08\aoc2019_08.vcxproj", "{3FC4BD3E-4B2B-4019-B15B-22B67AB39CB6}"
EndProject
Project("{8BC9CEB8-8B4A-11D0-8D11-00A0C91BC942}") = "aoc2019_09", "aoc2019_09\aoc2019_09.vcxproj", "{53D7CB03-AAE3-4CBD-BD23-3AF5FD16E44D}"
EndProject
Project("{8BC9CEB8-8B4A-11D0-8D11-00A0C91BC942}") = "aoc2019_10", "aoc2019_10\aoc2019_10.vcxproj", "{BCA1F752-4B20-4FCC-9C12-7BD837103F13}"
EndProject
Project("{8BC9CEB8-8B4A-11D0-8D11-00A0C91BC942}") = "aoc2019_11", "aoc2019_11\aoc2019_11.vcxproj", "{D61C7663-B961-446D-997E-F668C8F943D4}"
EndProject
Project("{8BC9CEB8-8B4A-11D0-8D11-00A0C91BC942}") = "intcomp", "intcomp\intcomp.vcxproj", "{CCEBE55F-26B3-4CF7-9A54-6BA93B1CEB87}"
EndProject
Project("{8BC9CEB8-8B4A-11D0-8D11-00A0C91BC942}") = "aoc2019_12", "aoc2019_12\aoc2019_12.vcxproj", "{8B2C86D5-8A00-4047-9840-E5209FF13564}"
EndProject
Project("{8BC9CEB8-8B4A-11D0-8D11-00A0C91BC942}") = "aoc2019_13", "aoc2019_13\aoc2019_13.vcxproj", "{120F9D09-BBCA-4223-89F8-B4ACAA4B0EC1}"
EndProject
Project("{8BC9CEB8-8B4A-11D0-8D11-00A0C91BC942}") = "aoc2019_14", "aoc2019_14\aoc2019_14.vcxproj", "{6A363D9F-868F-4053-B378-42218CD6832F}"
EndProject
Project("{8BC9CEB8-8B4A-11D0-8D11-00A0C91BC942}") = "aoc2019_15", "aoc2019_15\aoc2019_15.vcxproj", "{912ED42F-ABAC-497D-AD16-452F4EB770BA}"
EndProject
Project("{8BC9CEB8-8B4A-11D0-8D11-00A0C91BC942}") = "aoc2019_16", "aoc2019_16\aoc2019_16.vcxproj", "{8AA29467-3AE0-4F57-96F6-6669159596DC}"
EndProject
Project("{8BC9CEB8-8B4A-11D0-8D11-00A0C91BC942}") = "aoc2019_17", "aoc2019_17\aoc2019_17.vcxproj", "{DFAB2887-9DBF-460C-91CC-532DFFEE5003}"
EndProject
Project("{8BC9CEB8-8B4A-11D0-8D11-00A0C91BC942}") = "aoc2019_18", "aoc2019_18\aoc2019_18.vcxproj", "{301B036E-B97F-4C2B-9035-88BB1023DBE2}"
EndProject
Project("{8BC9CEB8-8B4A-11D0-8D11-00A0C91BC942}") = "aoc2019_19", "aoc2019_19\aoc2019_19.vcxproj", "{E27591BA-E15F-4EB9-A7CF-DAAA9E9A5DBF}"
EndProject
Project("{8BC9CEB8-8B4A-11D0-8D11-00A0C91BC942}") = "aoc2019_20", "aoc2019_20\aoc2019_20.vcxproj", "{87C5B5FD-DC86-4231-AC1C-FAF98E8AAF33}"
EndProject
Project("{8BC9CEB8-8B4A-11D0-8D11-00A0C91BC942}") = "aoc2019_21", "aoc2019_21\aoc2019_21.vcxproj", "{564AE70B-089E-4E60-B842-7932817CFF8E}"
EndProject
Global
	GlobalSection(SolutionConfigurationPlatforms) = preSolution
		Debug|x64 = Debug|x64
		Debug|x86 = Debug|x86
		Release|x64 = Release|x64
		Release|x86 = Release|x86
	EndGlobalSection
	GlobalSection(ProjectConfigurationPlatforms) = postSolution
		{F20B129D-85D4-40F8-967B-CEA6CA797ADF}.Debug|x64.ActiveCfg = Debug|x64
		{F20B129D-85D4-40F8-967B-CEA6CA797ADF}.Debug|x64.Build.0 = Debug|x64
		{F20B129D-85D4-40F8-967B-CEA6CA797ADF}.Debug|x86.ActiveCfg = Debug|Win32
		{F20B129D-85D4-40F8-967B-CEA6CA797ADF}.Debug|x86.Build.0 = Debug|Win32
		{F20B129D-85D4-40F8-967B-CEA6CA797ADF}.Release|x64.ActiveCfg = Release|x64
		{F20B129D-85D4-40F8-967B-CEA6CA797ADF}.Release|x64.Build.0 = Release|x64
		{F20B129D-85D4-40F8-967B-CEA6CA797ADF}.Release|x86.ActiveCfg = Release|Win32
		{F20B129D-85D4-40F8-967B-CEA6CA797ADF}.Release|x86.Build.0 = Release|Win32
		{56358E6A-DC21-4B84-8472-DB48413D68D0}.Debug|x64.ActiveCfg = Debug|x64
		{56358E6A-DC21-4B84-8472-DB48413D68D0}.Debug|x64.Build.0 = Debug|x64
		{56358E6A-DC21-4B84-8472-DB48413D68D0}.Debug|x86.ActiveCfg = Debug|Win32
		{56358E6A-DC21-4B84-8472-DB48413D68D0}.Debug|x86.Build.0 = Debug|Win32
		{56358E6A-DC21-4B84-8472-DB48413D68D0}.Release|x64.ActiveCfg = Release|x64
		{56358E6A-DC21-4B84-8472-DB48413D68D0}.Release|x64.Build.0 = Release|x64
		{56358E6A-DC21-4B84-8472-DB48413D68D0}.Release|x86.ActiveCfg = Release|Win32
		{56358E6A-DC21-4B84-8472-DB48413D68D0}.Release|x86.Build.0 = Release|Win32
		{FFA693B5-BCF4-4212-BA53-E9AEEA0A26E2}.Debug|x64.ActiveCfg = Debug|x64
		{FFA693B5-BCF4-4212-BA53-E9AEEA0A26E2}.Debug|x64.Build.0 = Debug|x64
		{FFA693B5-BCF4-4212-BA53-E9AEEA0A26E2}.Debug|x86.ActiveCfg = Debug|Win32
		{FFA693B5-BCF4-4212-BA53-E9AEEA0A26E2}.Debug|x86.Build.0 = Debug|Win32
		{FFA693B5-BCF4-4212-BA53-E9AEEA0A26E2}.Release|x64.ActiveCfg = Release|x64
		{FFA693B5-BCF4-4212-BA53-E9AEEA0A26E2}.Release|x64.Build.0 = Release|x64
		{FFA693B5-BCF4-4212-BA53-E9AEEA0A26E2}.Release|x86.ActiveCfg = Release|Win32
		{FFA693B5-BCF4-4212-BA53-E9AEEA0A26E2}.Release|x86.Build.0 = Release|Win32
		{852FF7C0-E2B3-431C-8BAB-300AA0A2F8E0}.Debug|x64.ActiveCfg = Debug|x64
		{852FF7C0-E2B3-431C-8BAB-300AA0A2F8E0}.Debug|x64.Build.0 = Debug|x64
		{852FF7C0-E2B3-431C-8BAB-300AA0A2F8E0}.Debug|x86.ActiveCfg = Debug|Win32
		{852FF7C0-E2B3-431C-8BAB-300AA0A2F8E0}.Debug|x86.Build.0 = Debug|Win32
		{852FF7C0-E2B3-431C-8BAB-300AA0A2F8E0}.Release|x64.ActiveCfg = Release|x64
		{852FF7C0-E2B3-431C-8BAB-300AA0A2F8E0}.Release|x64.Build.0 = Release|x64
		{852FF7C0-E2B3-431C-8BAB-300AA0A2F8E0}.Release|x86.ActiveCfg = Release|Win32
		{852FF7C0-E2B3-431C-8BAB-300AA0A2F8E0}.Release|x86.Build.0 = Release|Win32
		{74278E7C-0BD6-4DF3-9840-F3F5CF59FCB3}.Debug|x64.ActiveCfg = Debug|x64
		{74278E7C-0BD6-4DF3-9840-F3F5CF59FCB3}.Debug|x64.Build.0 = Debug|x64
		{74278E7C-0BD6-4DF3-9840-F3F5CF59FCB3}.Debug|x86.ActiveCfg = Debug|Win32
		{74278E7C-0BD6-4DF3-9840-F3F5CF59FCB3}.Debug|x86.Build.0 = Debug|Win32
		{74278E7C-0BD6-4DF3-9840-F3F5CF59FCB3}.Release|x64.ActiveCfg = Release|x64
		{74278E7C-0BD6-4DF3-9840-F3F5CF59FCB3}.Release|x64.Build.0 = Release|x64
		{74278E7C-0BD6-4DF3-9840-F3F5CF59FCB3}.Release|x86.ActiveCfg = Release|Win32
		{74278E7C-0BD6-4DF3-9840-F3F5CF59FCB3}.Release|x86.Build.0 = Release|Win32
		{19397F2E-ABDE-4C90-9461-5D6986110160}.Debug|x64.ActiveCfg = Debug|x64
		{19397F2E-ABDE-4C90-9461-5D6986110160}.Debug|x64.Build.0 = Debug|x64
		{19397F2E-ABDE-4C90-9461-5D6986110160}.Debug|x86.ActiveCfg = Debug|Win32
		{19397F2E-ABDE-4C90-9461-5D6986110160}.Debug|x86.Build.0 = Debug|Win32
		{19397F2E-ABDE-4C90-9461-5D6986110160}.Release|x64.ActiveCfg = Release|x64
		{19397F2E-ABDE-4C90-9461-5D6986110160}.Release|x64.Build.0 = Release|x64
		{19397F2E-ABDE-4C90-9461-5D6986110160}.Release|x86.ActiveCfg = Release|Win32
		{19397F2E-ABDE-4C90-9461-5D6986110160}.Release|x86.Build.0 = Release|Win32
		{FB051120-0EEC-4B37-A8AA-34B7BC279A22}.Debug|x64.ActiveCfg = Debug|x64
		{FB051120-0EEC-4B37-A8AA-34B7BC279A22}.Debug|x64.Build.0 = Debug|x64
		{FB051120-0EEC-4B37-A8AA-34B7BC279A22}.Debug|x86.ActiveCfg = Debug|Win32
		{FB051120-0EEC-4B37-A8AA-34B7BC279A22}.Debug|x86.Build.0 = Debug|Win32
		{FB051120-0EEC-4B37-A8AA-34B7BC279A22}.Release|x64.ActiveCfg = Release|x64
		{FB051120-0EEC-4B37-A8AA-34B7BC279A22}.Release|x64.Build.0 = Release|x64
		{FB051120-0EEC-4B37-A8AA-34B7BC279A22}.Release|x86.ActiveCfg = Release|Win32
		{FB051120-0EEC-4B37-A8AA-34B7BC279A22}.Release|x86.Build.0 = Release|Win32
		{3FC4BD3E-4B2B-4019-B15B-22B67AB39CB6}.Debug|x64.ActiveCfg = Debug|x64
		{3FC4BD3E-4B2B-4019-B15B-22B67AB39CB6}.Debug|x64.Build.0 = Debug|x64
		{3FC4BD3E-4B2B-4019-B15B-22B67AB39CB6}.Debug|x86.ActiveCfg = Debug|Win32
		{3FC4BD3E-4B2B-4019-B15B-22B67AB39CB6}.Debug|x86.Build.0 = Debug|Win32
		{3FC4BD3E-4B2B-4019-B15B-22B67AB39CB6}.Release|x64.ActiveCfg = Release|x64
		{3FC4BD3E-4B2B-4019-B15B-22B67AB39CB6}.Release|x64.Build.0 = Release|x64
		{3FC4BD3E-4B2B-4019-B15B-22B67AB39CB6}.Release|x86.ActiveCfg = Release|Win32
		{3FC4BD3E-4B2B-4019-B15B-22B67AB39CB6}.Release|x86.Build.0 = Release|Win32
		{53D7CB03-AAE3-4CBD-BD23-3AF5FD16E44D}.Debug|x64.ActiveCfg = Debug|x64
		{53D7CB03-AAE3-4CBD-BD23-3AF5FD16E44D}.Debug|x64.Build.0 = Debug|x64
		{53D7CB03-AAE3-4CBD-BD23-3AF5FD16E44D}.Debug|x86.ActiveCfg = Debug|Win32
		{53D7CB03-AAE3-4CBD-BD23-3AF5FD16E44D}.Debug|x86.Build.0 = Debug|Win32
		{53D7CB03-AAE3-4CBD-BD23-3AF5FD16E44D}.Release|x64.ActiveCfg = Release|x64
		{53D7CB03-AAE3-4CBD-BD23-3AF5FD16E44D}.Release|x64.Build.0 = Release|x64
		{53D7CB03-AAE3-4CBD-BD23-3AF5FD16E44D}.Release|x86.ActiveCfg = Release|Win32
		{53D7CB03-AAE3-4CBD-BD23-3AF5FD16E44D}.Release|x86.Build.0 = Release|Win32
		{BCA1F752-4B20-4FCC-9C12-7BD837103F13}.Debug|x64.ActiveCfg = Debug|x64
		{BCA1F752-4B20-4FCC-9C12-7BD837103F13}.Debug|x64.Build.0 = Debug|x64
		{BCA1F752-4B20-4FCC-9C12-7BD837103F13}.Debug|x86.ActiveCfg = Debug|Win32
		{BCA1F752-4B20-4FCC-9C12-7BD837103F13}.Debug|x86.Build.0 = Debug|Win32
		{BCA1F752-4B20-4FCC-9C12-7BD837103F13}.Release|x64.ActiveCfg = Release|x64
		{BCA1F752-4B20-4FCC-9C12-7BD837103F13}.Release|x64.Build.0 = Release|x64
		{BCA1F752-4B20-4FCC-9C12-7BD837103F13}.Release|x86.ActiveCfg = Release|Win32
		{BCA1F752-4B20-4FCC-9C12-7BD837103F13}.Release|x86.Build.0 = Release|Win32
		{D61C7663-B961-446D-997E-F668C8F943D4}.Debug|x64.ActiveCfg = Debug|x64
		{D61C7663-B961-446D-997E-F668C8F943D4}.Debug|x64.Build.0 = Debug|x64
		{D61C7663-B961-446D-997E-F668C8F943D4}.Debug|x86.ActiveCfg = Debug|Win32
		{D61C7663-B961-446D-997E-F668C8F943D4}.Debug|x86.Build.0 = Debug|Win32
		{D61C7663-B961-446D-997E-F668C8F943D4}.Release|x64.ActiveCfg = Release|x64
		{D61C7663-B961-446D-997E-F668C8F943D4}.Release|x64.Build.0 = Release|x64
		{D61C7663-B961-446D-997E-F668C8F943D4}.Release|x86.ActiveCfg = Release|Win32
		{D61C7663-B961-446D-997E-F668C8F943D4}.Release|x86.Build.0 = Release|Win32
		{CCEBE55F-26B3-4CF7-9A54-6BA93B1CEB87}.Debug|x64.ActiveCfg = Debug|x64
		{CCEBE55F-26B3-4CF7-9A54-6BA93B1CEB87}.Debug|x64.Build.0 = Debug|x64
		{CCEBE55F-26B3-4CF7-9A54-6BA93B1CEB87}.Debug|x86.ActiveCfg = Debug|Win32
		{CCEBE55F-26B3-4CF7-9A54-6BA93B1CEB87}.Debug|x86.Build.0 = Debug|Win32
		{CCEBE55F-26B3-4CF7-9A54-6BA93B1CEB87}.Release|x64.ActiveCfg = Release|x64
		{CCEBE55F-26B3-4CF7-9A54-6BA93B1CEB87}.Release|x64.Build.0 = Release|x64
		{CCEBE55F-26B3-4CF7-9A54-6BA93B1CEB87}.Release|x86.ActiveCfg = Release|Win32
		{CCEBE55F-26B3-4CF7-9A54-6BA93B1CEB87}.Release|x86.Build.0 = Release|Win32
		{8B2C86D5-8A00-4047-9840-E5209FF13564}.Debug|x64.ActiveCfg = Debug|x64
		{8B2C86D5-8A00-4047-9840-E5209FF13564}.Debug|x64.Build.0 = Debug|x64
		{8B2C86D5-8A00-4047-9840-E5209FF13564}.Debug|x86.ActiveCfg = Debug|Win32
		{8B2C86D5-8A00-4047-9840-E5209FF13564}.Debug|x86.Build.0 = Debug|Win32
		{8B2C86D5-8A00-4047-9840-E5209FF13564}.Release|x64.ActiveCfg = Release|x64
		{8B2C86D5-8A00-4047-9840-E5209FF13564}.Release|x64.Build.0 = Release|x64
		{8B2C86D5-8A00-4047-9840-E5209FF13564}.Release|x86.ActiveCfg = Release|Win32
		{8B2C86D5-8A00-4047-9840-E5209FF13564}.Release|x86.Build.0 = Release|Win32
		{120F9D09-BBCA-4223-89F8-B4ACAA4B0EC1}.Debug|x64.ActiveCfg = Debug|x64
		{120F9D09-BBCA-4223-89F8-B4ACAA4B0EC1}.Debug|x64.Build.0 = Debug|x64
		{120F9D09-BBCA-4223-89F8-B4ACAA4B0EC1}.Debug|x86.ActiveCfg = Debug|Win32
		{120F9D09-BBCA-4223-89F8-B4ACAA4B0EC1}.Debug|x86.Build.0 = Debug|Win32
		{120F9D09-BBCA-4223-89F8-B4ACAA4B0EC1}.Release|x64.ActiveCfg = Release|x64
		{120F9D09-BBCA-4223-89F8-B4ACAA4B0EC1}.Release|x64.Build.0 = Release|x64
		{120F9D09-BBCA-4223-89F8-B4ACAA4B0EC1}.Release|x86.ActiveCfg = Release|Win32
		{120F9D09-BBCA-4223-89F8-B4ACAA4B0EC1}.Release|x86.Build.0 = Release|Win32
		{6A363D9F-868F-4053-B378-42218CD6832F}.Debug|x64.ActiveCfg = Debug|x64
		{6A363D9F-868F-4053-B378-42218CD6832F}.Debug|x64.Build.0 = Debug|x64
		{6A363D9F-868F-4053-B378-42218CD6832F}.Debug|x86.ActiveCfg = Debug|Win32
		{6A363D9F-868F-4053-B378-42218CD6832F}.Debug|x86.Build.0 = Debug|Win32
		{6A363D9F-868F-4053-B378-42218CD6832F}.Release|x64.ActiveCfg = Release|x64
		{6A363D9F-868F-4053-B378-42218CD6832F}.Release|x64.Build.0 = Release|x64
		{6A363D9F-868F-4053-B378-42218CD6832F}.Release|x86.ActiveCfg = Release|Win32
		{6A363D9F-868F-4053-B378-42218CD6832F}.Release|x86.Build.0 = Release|Win32
		{912ED42F-ABAC-497D-AD16-452F4EB770BA}.Debug|x64.ActiveCfg = Debug|x64
		{912ED42F-ABAC-497D-AD16-452F4EB770BA}.Debug|x64.Build.0 = Debug|x64
		{912ED42F-ABAC-497D-AD16-452F4EB770BA}.Debug|x86.ActiveCfg = Debug|Win32
		{912ED42F-ABAC-497D-AD16-452F4EB770BA}.Debug|x86.Build.0 = Debug|Win32
		{912ED42F-ABAC-497D-AD16-452F4EB770BA}.Release|x64.ActiveCfg = Release|x64
		{912ED42F-ABAC-497D-AD16-452F4EB770BA}.Release|x64.Build.0 = Release|x64
		{912ED42F-ABAC-497D-AD16-452F4EB770BA}.Release|x86.ActiveCfg = Release|Win32
		{912ED42F-ABAC-497D-AD16-452F4EB770BA}.Release|x86.Build.0 = Release|Win32
		{8AA29467-3AE0-4F57-96F6-6669159596DC}.Debug|x64.ActiveCfg = Debug|x64
		{8AA29467-3AE0-4F57-96F6-6669159596DC}.Debug|x64.Build.0 = Debug|x64
		{8AA29467-3AE0-4F57-96F6-6669159596DC}.Debug|x86.ActiveCfg = Debug|Win32
		{8AA29467-3AE0-4F57-96F6-6669159596DC}.Debug|x86.Build.0 = Debug|Win32
		{8AA29467-3AE0-4F57-96F6-6669159596DC}.Release|x64.ActiveCfg = Release|x64
		{8AA29467-3AE0-4F57-96F6-6669159596DC}.Release|x64.Build.0 = Release|x64
		{8AA29467-3AE0-4F57-96F6-6669159596DC}.Release|x86.ActiveCfg = Release|Win32
		{8AA29467-3AE0-4F57-96F6-6669159596DC}.Release|x86.Build.0 = Release|Win32
		{DFAB2887-9DBF-460C-91CC-532DFFEE5003}.Debug|x64.ActiveCfg = Debug|x64
		{DFAB2887-9DBF-460C-91CC-532DFFEE5003}.Debug|x64.Build.0 = Debug|x64
		{DFAB2887-9DBF-460C-91CC-532DFFEE5003}.Debug|x86.ActiveCfg = Debug|Win32
		{DFAB2887-9DBF-460C-91CC-532DFFEE5003}.Debug|x86.Build.0 = Debug|Win32
		{DFAB2887-9DBF-460C-91CC-532DFFEE5003}.Release|x64.ActiveCfg = Release|x64
		{DFAB2887-9DBF-460C-91CC-532DFFEE5003}.Release|x64.Build.0 = Release|x64
		{DFAB2887-9DBF-460C-91CC-532DFFEE5003}.Release|x86.ActiveCfg = Release|Win32
		{DFAB2887-9DBF-460C-91CC-532DFFEE5003}.Release|x86.Build.0 = Release|Win32
		{301B036E-B97F-4C2B-9035-88BB1023DBE2}.Debug|x64.ActiveCfg = Debug|x64
		{301B036E-B97F-4C2B-9035-88BB1023DBE2}.Debug|x64.Build.0 = Debug|x64
		{301B036E-B97F-4C2B-9035-88BB1023DBE2}.Debug|x86.ActiveCfg = Debug|Win32
		{301B036E-B97F-4C2B-9035-88BB1023DBE2}.Debug|x86.Build.0 = Debug|Win32
		{301B036E-B97F-4C2B-9035-88BB1023DBE2}.Release|x64.ActiveCfg = Release|x64
		{301B036E-B97F-4C2B-9035-88BB1023DBE2}.Release|x64.Build.0 = Release|x64
		{301B036E-B97F-4C2B-9035-88BB1023DBE2}.Release|x86.ActiveCfg = Release|Win32
		{301B036E-B97F-4C2B-9035-88BB1023DBE2}.Release|x86.Build.0 = Release|Win32
		{E27591BA-E15F-4EB9-A7CF-DAAA9E9A5DBF}.Debug|x64.ActiveCfg = Debug|x64
		{E27591BA-E15F-4EB9-A7CF-DAAA9E9A5DBF}.Debug|x64.Build.0 = Debug|x64
		{E27591BA-E15F-4EB9-A7CF-DAAA9E9A5DBF}.Debug|x86.ActiveCfg = Debug|Win32
		{E27591BA-E15F-4EB9-A7CF-DAAA9E9A5DBF}.Debug|x86.Build.0 = Debug|Win32
		{E27591BA-E15F-4EB9-A7CF-DAAA9E9A5DBF}.Release|x64.ActiveCfg = Release|x64
		{E27591BA-E15F-4EB9-A7CF-DAAA9E9A5DBF}.Release|x64.Build.0 = Release|x64
		{E27591BA-E15F-4EB9-A7CF-DAAA9E9A5DBF}.Release|x86.ActiveCfg = Release|Win32
		{E27591BA-E15F-4EB9-A7CF-DAAA9E9A5DBF}.Release|x86.Build.0 = Release|Win32
		{87C5B5FD-DC86-4231-AC1C-FAF98E8AAF33}.Debug|x64.ActiveCfg = Debug|x64
		{87C5B5FD-DC86-4231-AC1C-FAF98E8AAF33}.Debug|x64.Build.0 = Debug|x64
		{87C5B5FD-DC86-4231-AC1C-FAF98E8AAF33}.Debug|x86.ActiveCfg = Debug|Win32
		{87C5B5FD-DC86-4231-AC1C-FAF98E8AAF33}.Debug|x86.Build.0 = Debug|Win32
		{87C5B5FD-DC86-4231-AC1C-FAF98E8AAF33}.Release|x64.ActiveCfg = Release|x64
		{87C5B5FD-DC86-4231-AC1C-FAF98E8AAF33}.Release|x64.Build.0 = Release|x64
		{87C5B5FD-DC86-4231-AC1C-FAF98E8AAF33}.Release|x86.ActiveCfg = Release|Win32
		{87C5B5FD-DC86-4231-AC1C-FAF98E8AAF33}.Release|x86.Build.0 = Release|Win32
		{564AE70B-089E-4E60-B842-7932817CFF8E}.Debug|x64.ActiveCfg = Debug|x64
		{564AE70B-089E-4E60-B842-7932817CFF8E}.Debug|x64.Build.0 = Debug|x64
		{564AE70B-089E-4E60-B842-7932817CFF8E}.Debug|x86.ActiveCfg = Debug|Win32
		{564AE70B-089E-4E60-B842-7932817CFF8E}.Debug|x86.Build.0 = Debug|Win32
		{564AE70B-089E-4E60-B842-7932817CFF8E}.Release|x64.ActiveCfg = Release|x64
		{564AE70B-089E-4E60-B842-7932817CFF8E}.Release|x64.Build.0 = Release|x64
		{564AE70B-089E-4E60-B842-7932817CFF8E}.Release|x86.ActiveCfg = Release|Win32
		{564AE70B-089E-4E60-B842-7932817CFF8E}.Release|x86.Build.0 = Release|Win32
	EndGlobalSection
	GlobalSection(SolutionProperties) = preSolution
		HideSolutionNode = FALSE
	EndGlobalSection
	GlobalSection(ExtensibilityGlobals) = postSolution
		SolutionGuid = {F1172609-3806-4AB3-AC59-3813A9CC2725}
	EndGlobalSection
EndGlobal
