
Microsoft Visual Studio Solution File, Format Version 12.00
# Visual Studio Version 16
VisualStudioVersion = 16.0.29424.173
MinimumVisualStudioVersion = 10.0.40219.1
Project("{8BC9CEB8-8B4A-11D0-8D11-00A0C91BC942}") = "aoc2019_01", "aoc2019_01\aoc2019_01.vcxproj", "{F20B129D-85D4-40F8-967B-CEA6CA797ADF}"
EndProject
Project("{8BC9CEB8-8B4A-11D0-8D11-00A0C91BC942}") = "aoc2019_02", "aoc2019_02\aoc2019_02.vcxproj", "{56358E6A-DC21-4B84-8472-DB48413D68D0}"
EndProject
Project("{8BC9CEB8-8B4A-11D0-8D11-00A0C91BC942}") = "aoc2019_03", "aoc2019_03\aoc2019_03.vcxproj", "{FFA693B5-BCF4-4212-BA53-E9AEEA0A26E2}"
EndProject
Project("{8BC9CEB8-8B4A-11D0-8D11-00A0C91BC942}") = "aoc2019_04", "aoc2019_04\aoc2019_04.vcxproj", "{852FF7C0-E2B3-431C-8BAB-300AA0A2F8E0}"
EndProject
Project("{8BC9CEB8-8B4A-11D0-8D11-00A0C91BC942}") = "aoc2019_05", "aoc2019_05\aoc2019_05.vcxproj", "{74278E7C-0BD6-4DF3-9840-F3F5CF59FCB3}"
EndProject
Global
	GlobalSection(SolutionConfigurationPlatforms) = preSolution
		Debug|x64 = Debug|x64
		Debug|x86 = Debug|x86
		Release|x64 = Release|x64
		Release|x86 = Release|x86
	EndGlobalSection
	GlobalSection(ProjectConfigurationPlatforms) = postSolution
		{F20B129D-85D4-40F8-967B-CEA6CA797ADF}.Debug|x64.ActiveCfg = Debug|x64
		{F20B129D-85D4-40F8-967B-CEA6CA797ADF}.Debug|x64.Build.0 = Debug|x64
		{F20B129D-85D4-40F8-967B-CEA6CA797ADF}.Debug|x86.ActiveCfg = Debug|Win32
		{F20B129D-85D4-40F8-967B-CEA6CA797ADF}.Debug|x86.Build.0 = Debug|Win32
		{F20B129D-85D4-40F8-967B-CEA6CA797ADF}.Release|x64.ActiveCfg = Release|x64
		{F20B129D-85D4-40F8-967B-CEA6CA797ADF}.Release|x64.Build.0 = Release|x64
		{F20B129D-85D4-40F8-967B-CEA6CA797ADF}.Release|x86.ActiveCfg = Release|Win32
		{F20B129D-85D4-40F8-967B-CEA6CA797ADF}.Release|x86.Build.0 = Release|Win32
		{56358E6A-DC21-4B84-8472-DB48413D68D0}.Debug|x64.ActiveCfg = Debug|x64
		{56358E6A-DC21-4B84-8472-DB48413D68D0}.Debug|x64.Build.0 = Debug|x64
		{56358E6A-DC21-4B84-8472-DB48413D68D0}.Debug|x86.ActiveCfg = Debug|Win32
		{56358E6A-DC21-4B84-8472-DB48413D68D0}.Debug|x86.Build.0 = Debug|Win32
		{56358E6A-DC21-4B84-8472-DB48413D68D0}.Release|x64.ActiveCfg = Release|x64
		{56358E6A-DC21-4B84-8472-DB48413D68D0}.Release|x64.Build.0 = Release|x64
		{56358E6A-DC21-4B84-8472-DB48413D68D0}.Release|x86.ActiveCfg = Release|Win32
		{56358E6A-DC21-4B84-8472-DB48413D68D0}.Release|x86.Build.0 = Release|Win32
		{FFA693B5-BCF4-4212-BA53-E9AEEA0A26E2}.Debug|x64.ActiveCfg = Debug|x64
		{FFA693B5-BCF4-4212-BA53-E9AEEA0A26E2}.Debug|x64.Build.0 = Debug|x64
		{FFA693B5-BCF4-4212-BA53-E9AEEA0A26E2}.Debug|x86.ActiveCfg = Debug|Win32
		{FFA693B5-BCF4-4212-BA53-E9AEEA0A26E2}.Debug|x86.Build.0 = Debug|Win32
		{FFA693B5-BCF4-4212-BA53-E9AEEA0A26E2}.Release|x64.ActiveCfg = Release|x64
		{FFA693B5-BCF4-4212-BA53-E9AEEA0A26E2}.Release|x64.Build.0 = Release|x64
		{FFA693B5-BCF4-4212-BA53-E9AEEA0A26E2}.Release|x86.ActiveCfg = Release|Win32
		{FFA693B5-BCF4-4212-BA53-E9AEEA0A26E2}.Release|x86.Build.0 = Release|Win32
		{852FF7C0-E2B3-431C-8BAB-300AA0A2F8E0}.Debug|x64.ActiveCfg = Debug|x64
		{852FF7C0-E2B3-431C-8BAB-300AA0A2F8E0}.Debug|x64.Build.0 = Debug|x64
		{852FF7C0-E2B3-431C-8BAB-300AA0A2F8E0}.Debug|x86.ActiveCfg = Debug|Win32
		{852FF7C0-E2B3-431C-8BAB-300AA0A2F8E0}.Debug|x86.Build.0 = Debug|Win32
		{852FF7C0-E2B3-431C-8BAB-300AA0A2F8E0}.Release|x64.ActiveCfg = Release|x64
		{852FF7C0-E2B3-431C-8BAB-300AA0A2F8E0}.Release|x64.Build.0 = Release|x64
		{852FF7C0-E2B3-431C-8BAB-300AA0A2F8E0}.Release|x86.ActiveCfg = Release|Win32
		{852FF7C0-E2B3-431C-8BAB-300AA0A2F8E0}.Release|x86.Build.0 = Release|Win32
		{74278E7C-0BD6-4DF3-9840-F3F5CF59FCB3}.Debug|x64.ActiveCfg = Debug|x64
		{74278E7C-0BD6-4DF3-9840-F3F5CF59FCB3}.Debug|x64.Build.0 = Debug|x64
		{74278E7C-0BD6-4DF3-9840-F3F5CF59FCB3}.Debug|x86.ActiveCfg = Debug|Win32
		{74278E7C-0BD6-4DF3-9840-F3F5CF59FCB3}.Debug|x86.Build.0 = Debug|Win32
		{74278E7C-0BD6-4DF3-9840-F3F5CF59FCB3}.Release|x64.ActiveCfg = Release|x64
		{74278E7C-0BD6-4DF3-9840-F3F5CF59FCB3}.Release|x64.Build.0 = Release|x64
		{74278E7C-0BD6-4DF3-9840-F3F5CF59FCB3}.Release|x86.ActiveCfg = Release|Win32
		{74278E7C-0BD6-4DF3-9840-F3F5CF59FCB3}.Release|x86.Build.0 = Release|Win32
	EndGlobalSection
	GlobalSection(SolutionProperties) = preSolution
		HideSolutionNode = FALSE
	EndGlobalSection
	GlobalSection(ExtensibilityGlobals) = postSolution
		SolutionGuid = {F1172609-3806-4AB3-AC59-3813A9CC2725}
	EndGlobalSection
EndGlobal
